// !$*UTF8*$!
{
	archiveVersion = 1;
	classes = {
	};
	objectVersion = 50;
	objects = {

/* Begin PBXBuildFile section */
		CF8217AE23A5948A00A4542D /* AppDelegate.swift in Sources */ = {isa = PBXBuildFile; fileRef = CF8217AD23A5948A00A4542D /* AppDelegate.swift */; };
		CF8217B023A5948A00A4542D /* SceneDelegate.swift in Sources */ = {isa = PBXBuildFile; fileRef = CF8217AF23A5948A00A4542D /* SceneDelegate.swift */; };
		CF8217B223A5948A00A4542D /* ContentView.swift in Sources */ = {isa = PBXBuildFile; fileRef = CF8217B123A5948A00A4542D /* ContentView.swift */; };
		CF8217B423A5948B00A4542D /* Assets.xcassets in Resources */ = {isa = PBXBuildFile; fileRef = CF8217B323A5948B00A4542D /* Assets.xcassets */; };
		CF8217B723A5948B00A4542D /* Preview Assets.xcassets in Resources */ = {isa = PBXBuildFile; fileRef = CF8217B623A5948B00A4542D /* Preview Assets.xcassets */; };
		CF8217BA23A5948B00A4542D /* LaunchScreen.storyboard in Resources */ = {isa = PBXBuildFile; fileRef = CF8217B823A5948B00A4542D /* LaunchScreen.storyboard */; };
		CFABD75E23A6FC8F00F2C04C /* CircleImage.swift in Sources */ = {isa = PBXBuildFile; fileRef = CFABD75D23A6FC8F00F2C04C /* CircleImage.swift */; };
/* End PBXBuildFile section */

/* Begin PBXFileReference section */
		CF8217AA23A5948A00A4542D /* BizCard.app */ = {isa = PBXFileReference; explicitFileType = wrapper.application; includeInIndex = 0; path = BizCard.app; sourceTree = BUILT_PRODUCTS_DIR; };
		CF8217AD23A5948A00A4542D /* AppDelegate.swift */ = {isa = PBXFileReference; lastKnownFileType = sourcecode.swift; path = AppDelegate.swift; sourceTree = "<group>"; };
		CF8217AF23A5948A00A4542D /* SceneDelegate.swift */ = {isa = PBXFileReference; lastKnownFileType = sourcecode.swift; path = SceneDelegate.swift; sourceTree = "<group>"; };
		CF8217B123A5948A00A4542D /* ContentView.swift */ = {isa = PBXFileReference; lastKnownFileType = sourcecode.swift; path = ContentView.swift; sourceTree = "<group>"; };
		CF8217B323A5948B00A4542D /* Assets.xcassets */ = {isa = PBXFileReference; lastKnownFileType = folder.assetcatalog; path = Assets.xcassets; sourceTree = "<group>"; };
		CF8217B623A5948B00A4542D /* Preview Assets.xcassets */ = {isa = PBXFileReference; lastKnownFileType = folder.assetcatalog; path = "Preview Assets.xcassets"; sourceTree = "<group>"; };
		CF8217B923A5948B00A4542D /* Base */ = {isa = PBXFileReference; lastKnownFileType = file.storyboard; name = Base; path = Base.lproj/LaunchScreen.storyboard; sourceTree = "<group>"; };
		CF8217BB23A5948B00A4542D /* Info.plist */ = {isa = PBXFileReference; lastKnownFileType = text.plist.xml; path = Info.plist; sourceTree = "<group>"; };
		CFABD75D23A6FC8F00F2C04C /* CircleImage.swift */ = {isa = PBXFileReference; lastKnownFileType = sourcecode.swift; path = CircleImage.swift; sourceTree = "<group>"; };
/* End PBXFileReference section */

/* Begin PBXFrameworksBuildPhase section */
		CF8217A723A5948A00A4542D /* Frameworks */ = {
			isa = PBXFrameworksBuildPhase;
			buildActionMask = 2147483647;
			files = (
			);
			runOnlyForDeploymentPostprocessing = 0;
		};
/* End PBXFrameworksBuildPhase section */

/* Begin PBXGroup section */
		CF8217A123A5948A00A4542D = {
			isa = PBXGroup;
			children = (
				CF8217AC23A5948A00A4542D /* BizCard */,
				CF8217AB23A5948A00A4542D /* Products */,
			);
			sourceTree = "<group>";
		};
		CF8217AB23A5948A00A4542D /* Products */ = {
			isa = PBXGroup;
			children = (
				CF8217AA23A5948A00A4542D /* BizCard.app */,
			);
			name = Products;
			sourceTree = "<group>";
		};
		CF8217AC23A5948A00A4542D /* BizCard */ = {
			isa = PBXGroup;
			children = (
				CFABD75C23A6FC5400F2C04C /* Views */,
				CF8217AD23A5948A00A4542D /* AppDelegate.swift */,
				CF8217AF23A5948A00A4542D /* SceneDelegate.swift */,
				CF8217B123A5948A00A4542D /* ContentView.swift */,
				CF8217B323A5948B00A4542D /* Assets.xcassets */,
				CF8217B823A5948B00A4542D /* LaunchScreen.storyboard */,
				CF8217BB23A5948B00A4542D /* Info.plist */,
				CF8217B523A5948B00A4542D /* Preview Content */,
			);
			path = BizCard;
			sourceTree = "<group>";
		};
		CF8217B523A5948B00A4542D /* Preview Content */ = {
			isa = PBXGroup;
			children = (
				CF8217B623A5948B00A4542D /* Preview Assets.xcassets */,
			);
			path = "Preview Content";
			sourceTree = "<group>";
		};
		CFABD75C23A6FC5400F2C04C /* Views */ = {
			isa = PBXGroup;
			children = (
				CFABD75D23A6FC8F00F2C04C /* CircleImage.swift */,
			);
			path = Views;
			sourceTree = "<group>";
		};
/* End PBXGroup section */

/* Begin PBXNativeTarget section */
		CF8217A923A5948A00A4542D /* BizCard */ = {
			isa = PBXNativeTarget;
			buildConfigurationList = CF8217BE23A5948B00A4542D /* Build configuration list for PBXNativeTarget "BizCard" */;
			buildPhases = (
				CF8217A623A5948A00A4542D /* Sources */,
				CF8217A723A5948A00A4542D /* Frameworks */,
				CF8217A823A5948A00A4542D /* Resources */,
			);
			buildRules = (
			);
			dependencies = (
			);
			name = BizCard;
			productName = BizCard;
			productReference = CF8217AA23A5948A00A4542D /* BizCard.app */;
			productType = "com.apple.product-type.application";
		};
/* End PBXNativeTarget section */

/* Begin PBXProject section */
		CF8217A223A5948A00A4542D /* Project object */ = {
			isa = PBXProject;
			attributes = {
				LastSwiftUpdateCheck = 1130;
				LastUpgradeCheck = 1130;
				ORGANIZATIONNAME = "José Javier Cueto Mejía";
				TargetAttributes = {
					CF8217A923A5948A00A4542D = {
						CreatedOnToolsVersion = 11.3;
					};
				};
			};
			buildConfigurationList = CF8217A523A5948A00A4542D /* Build configuration list for PBXProject "BizCard" */;
			compatibilityVersion = "Xcode 9.3";
			developmentRegion = en;
			hasScannedForEncodings = 0;
			knownRegions = (
				en,
				Base,
			);
			mainGroup = CF8217A123A5948A00A4542D;
			productRefGroup = CF8217AB23A5948A00A4542D /* Products */;
			projectDirPath = "";
			projectRoot = "";
			targets = (
				CF8217A923A5948A00A4542D /* BizCard */,
			);
		};
/* End PBXProject section */

/* Begin PBXResourcesBuildPhase section */
		CF8217A823A5948A00A4542D /* Resources */ = {
			isa = PBXResourcesBuildPhase;
			buildActionMask = 2147483647;
			files = (
				CF8217BA23A5948B00A4542D /* LaunchScreen.storyboard in Resources */,
				CF8217B723A5948B00A4542D /* Preview Assets.xcassets in Resources */,
				CF8217B423A5948B00A4542D /* Assets.xcassets in Resources */,
			);
			runOnlyForDeploymentPostprocessing = 0;
		};
/* End PBXResourcesBuildPhase section */

/* Begin PBXSourcesBuildPhase section */
		CF8217A623A5948A00A4542D /* Sources */ = {
			isa = PBXSourcesBuildPhase;
			buildActionMask = 2147483647;
			files = (
				CF8217AE23A5948A00A4542D /* AppDelegate.swift in Sources */,
				CFABD75E23A6FC8F00F2C04C /* CircleImage.swift in Sources */,
				CF8217B023A5948A00A4542D /* SceneDelegate.swift in Sources */,
				CF8217B223A5948A00A4542D /* ContentView.swift in Sources */,
			);
			runOnlyForDeploymentPostprocessing = 0;
		};
/* End PBXSourcesBuildPhase section */

/* Begin PBXVariantGroup section */
		CF8217B823A5948B00A4542D /* LaunchScreen.storyboard */ = {
			isa = PBXVariantGroup;
			children = (
				CF8217B923A5948B00A4542D /* Base */,
			);
			name = LaunchScreen.storyboard;
			sourceTree = "<group>";
		};
/* End PBXVariantGroup section */

/* Begin XCBuildConfiguration section */
		CF8217BC23A5948B00A4542D /* Debug */ = {
			isa = XCBuildConfiguration;
			buildSettings = {
				ALWAYS_SEARCH_USER_PATHS = NO;
				CLANG_ANALYZER_NONNULL = YES;
				CLANG_ANALYZER_NUMBER_OBJECT_CONVERSION = YES_AGGRESSIVE;
				CLANG_CXX_LANGUAGE_STANDARD = "gnu++14";
				CLANG_CXX_LIBRARY = "libc++";
				CLANG_ENABLE_MODULES = YES;
				CLANG_ENABLE_OBJC_ARC = YES;
				CLANG_ENABLE_OBJC_WEAK = YES;
				CLANG_WARN_BLOCK_CAPTURE_AUTORELEASING = YES;
				CLANG_WARN_BOOL_CONVERSION = YES;
				CLANG_WARN_COMMA = YES;
				CLANG_WARN_CONSTANT_CONVERSION = YES;
				CLANG_WARN_DEPRECATED_OBJC_IMPLEMENTATIONS = YES;
				CLANG_WARN_DIRECT_OBJC_ISA_USAGE = YES_ERROR;
				CLANG_WARN_DOCUMENTATION_COMMENTS = YES;
				CLANG_WARN_EMPTY_BODY = YES;
				CLANG_WARN_ENUM_CONVERSION = YES;
				CLANG_WARN_INFINITE_RECURSION = YES;
				CLANG_WARN_INT_CONVERSION = YES;
				CLANG_WARN_NON_LITERAL_NULL_CONVERSION = YES;
				CLANG_WARN_OBJC_IMPLICIT_RETAIN_SELF = YES;
				CLANG_WARN_OBJC_LITERAL_CONVERSION = YES;
				CLANG_WARN_OBJC_ROOT_CLASS = YES_ERROR;
				CLANG_WARN_RANGE_LOOP_ANALYSIS = YES;
				CLANG_WARN_STRICT_PROTOTYPES = YES;
				CLANG_WARN_SUSPICIOUS_MOVE = YES;
				CLANG_WARN_UNGUARDED_AVAILABILITY = YES_AGGRESSIVE;
				CLANG_WARN_UNREACHABLE_CODE = YES;
				CLANG_WARN__DUPLICATE_METHOD_MATCH = YES;
				COPY_PHASE_STRIP = NO;
				DEBUG_INFORMATION_FORMAT = dwarf;
				ENABLE_STRICT_OBJC_MSGSEND = YES;
				ENABLE_TESTABILITY = YES;
				GCC_C_LANGUAGE_STANDARD = gnu11;
				GCC_DYNAMIC_NO_PIC = NO;
				GCC_NO_COMMON_BLOCKS = YES;
				GCC_OPTIMIZATION_LEVEL = 0;
				GCC_PREPROCESSOR_DEFINITIONS = (
					"DEBUG=1",
					"$(inherited)",
				);
				GCC_WARN_64_TO_32_BIT_CONVERSION = YES;
				GCC_WARN_ABOUT_RETURN_TYPE = YES_ERROR;
				GCC_WARN_UNDECLARED_SELECTOR = YES;
				GCC_WARN_UNINITIALIZED_AUTOS = YES_AGGRESSIVE;
				GCC_WARN_UNUSED_FUNCTION = YES;
				GCC_WARN_UNUSED_VARIABLE = YES;
				IPHONEOS_DEPLOYMENT_TARGET = 13.2;
				MTL_ENABLE_DEBUG_INFO = INCLUDE_SOURCE;
				MTL_FAST_MATH = YES;
				ONLY_ACTIVE_ARCH = YES;
				SDKROOT = iphoneos;
				SWIFT_ACTIVE_COMPILATION_CONDITIONS = DEBUG;
				SWIFT_OPTIMIZATION_LEVEL = "-Onone";
			};
			name = Debug;
		};
		CF8217BD23A5948B00A4542D /* Release */ = {
			isa = XCBuildConfiguration;
			buildSettings = {
				ALWAYS_SEARCH_USER_PATHS = NO;
				CLANG_ANALYZER_NONNULL = YES;
				CLANG_ANALYZER_NUMBER_OBJECT_CONVERSION = YES_AGGRESSIVE;
				CLANG_CXX_LANGUAGE_STANDARD = "gnu++14";
				CLANG_CXX_LIBRARY = "libc++";
				CLANG_ENABLE_MODULES = YES;
				CLANG_ENABLE_OBJC_ARC = YES;
				CLANG_ENABLE_OBJC_WEAK = YES;
				CLANG_WARN_BLOCK_CAPTURE_AUTORELEASING = YES;
				CLANG_WARN_BOOL_CONVERSION = YES;
				CLANG_WARN_COMMA = YES;
				CLANG_WARN_CONSTANT_CONVERSION = YES;
				CLANG_WARN_DEPRECATED_OBJC_IMPLEMENTATIONS = YES;
				CLANG_WARN_DIRECT_OBJC_ISA_USAGE = YES_ERROR;
				CLANG_WARN_DOCUMENTATION_COMMENTS = YES;
				CLANG_WARN_EMPTY_BODY = YES;
				CLANG_WARN_ENUM_CONVERSION = YES;
				CLANG_WARN_INFINITE_RECURSION = YES;
				CLANG_WARN_INT_CONVERSION = YES;
				CLANG_WARN_NON_LITERAL_NULL_CONVERSION = YES;
				CLANG_WARN_OBJC_IMPLICIT_RETAIN_SELF = YES;
				CLANG_WARN_OBJC_LITERAL_CONVERSION = YES;
				CLANG_WARN_OBJC_ROOT_CLASS = YES_ERROR;
				CLANG_WARN_RANGE_LOOP_ANALYSIS = YES;
				CLANG_WARN_STRICT_PROTOTYPES = YES;
				CLANG_WARN_SUSPICIOUS_MOVE = YES;
				CLANG_WARN_UNGUARDED_AVAILABILITY = YES_AGGRESSIVE;
				CLANG_WARN_UNREACHABLE_CODE = YES;
				CLANG_WARN__DUPLICATE_METHOD_MATCH = YES;
				COPY_PHASE_STRIP = NO;
				DEBUG_INFORMATION_FORMAT = "dwarf-with-dsym";
				ENABLE_NS_ASSERTIONS = NO;
				ENABLE_STRICT_OBJC_MSGSEND = YES;
				GCC_C_LANGUAGE_STANDARD = gnu11;
				GCC_NO_COMMON_BLOCKS = YES;
				GCC_WARN_64_TO_32_BIT_CONVERSION = YES;
				GCC_WARN_ABOUT_RETURN_TYPE = YES_ERROR;
				GCC_WARN_UNDECLARED_SELECTOR = YES;
				GCC_WARN_UNINITIALIZED_AUTOS = YES_AGGRESSIVE;
				GCC_WARN_UNUSED_FUNCTION = YES;
				GCC_WARN_UNUSED_VARIABLE = YES;
				IPHONEOS_DEPLOYMENT_TARGET = 13.2;
				MTL_ENABLE_DEBUG_INFO = NO;
				MTL_FAST_MATH = YES;
				SDKROOT = iphoneos;
				SWIFT_COMPILATION_MODE = wholemodule;
				SWIFT_OPTIMIZATION_LEVEL = "-O";
				VALIDATE_PRODUCT = YES;
			};
			name = Release;
		};
		CF8217BF23A5948B00A4542D /* Debug */ = {
			isa = XCBuildConfiguration;
			buildSettings = {
				ASSETCATALOG_COMPILER_APPICON_NAME = AppIcon;
				CODE_SIGN_STYLE = Automatic;
				DEVELOPMENT_ASSET_PATHS = "\"BizCard/Preview Content\"";
				DEVELOPMENT_TEAM = TNSM43P2F3;
				ENABLE_PREVIEWS = YES;
				INFOPLIST_FILE = BizCard/Info.plist;
				LD_RUNPATH_SEARCH_PATHS = (
					"$(inherited)",
					"@executable_path/Frameworks",
				);
				PRODUCT_BUNDLE_IDENTIFIER = com.javiercueto.BizCard;
				PRODUCT_NAME = "$(TARGET_NAME)";
				SWIFT_VERSION = 5.0;
				TARGETED_DEVICE_FAMILY = "1,2";
			};
			name = Debug;
		};
		CF8217C023A5948B00A4542D /* Release */ = {
			isa = XCBuildConfiguration;
			buildSettings = {
				ASSETCATALOG_COMPILER_APPICON_NAME = AppIcon;
				CODE_SIGN_STYLE = Automatic;
				DEVELOPMENT_ASSET_PATHS = "\"BizCard/Preview Content\"";
				DEVELOPMENT_TEAM = TNSM43P2F3;
				ENABLE_PREVIEWS = YES;
				INFOPLIST_FILE = BizCard/Info.plist;
				LD_RUNPATH_SEARCH_PATHS = (
					"$(inherited)",
					"@executable_path/Frameworks",
				);
				PRODUCT_BUNDLE_IDENTIFIER = com.javiercueto.BizCard;
				PRODUCT_NAME = "$(TARGET_NAME)";
				SWIFT_VERSION = 5.0;
				TARGETED_DEVICE_FAMILY = "1,2";
			};
			name = Release;
		};
/* End XCBuildConfiguration section */

/* Begin XCConfigurationList section */
		CF8217A523A5948A00A4542D /* Build configuration list for PBXProject "BizCard" */ = {
			isa = XCConfigurationList;
			buildConfigurations = (
				CF8217BC23A5948B00A4542D /* Debug */,
				CF8217BD23A5948B00A4542D /* Release */,
			);
			defaultConfigurationIsVisible = 0;
			defaultConfigurationName = Release;
		};
		CF8217BE23A5948B00A4542D /* Build configuration list for PBXNativeTarget "BizCard" */ = {
			isa = XCConfigurationList;
			buildConfigurations = (
				CF8217BF23A5948B00A4542D /* Debug */,
				CF8217C023A5948B00A4542D /* Release */,
			);
			defaultConfigurationIsVisible = 0;
			defaultConfigurationName = Release;
		};
/* End XCConfigurationList section */
	};
	rootObject = CF8217A223A5948A00A4542D /* Project object */;
}
